
Microsoft Visual Studio Solution File, Format Version 12.00
# Visual Studio 15
VisualStudioVersion = 15.0.27004.2010
MinimumVisualStudioVersion = 10.0.40219.1
Project("{FAE04EC0-301F-11D3-BF4B-00C04F79EFBC}") = "GatheringStorm.Api", "GatheringStorm.Api\GatheringStorm.Api.csproj", "{72ED9586-F06F-4F9B-8D2A-2E7E7BD2974B}"
EndProject
Project("{E53339B2-1760-4266-BCC7-CA923CBCF16C}") = "docker-compose", "docker-compose.dcproj", "{F263C737-DE02-48D2-B995-1FDBCF590F2B}"
EndProject
Global
	GlobalSection(SolutionConfigurationPlatforms) = preSolution
		Debug|Any CPU = Debug|Any CPU
		Release|Any CPU = Release|Any CPU
	EndGlobalSection
	GlobalSection(ProjectConfigurationPlatforms) = postSolution
		{72ED9586-F06F-4F9B-8D2A-2E7E7BD2974B}.Debug|Any CPU.ActiveCfg = Debug|Any CPU
		{72ED9586-F06F-4F9B-8D2A-2E7E7BD2974B}.Debug|Any CPU.Build.0 = Debug|Any CPU
		{72ED9586-F06F-4F9B-8D2A-2E7E7BD2974B}.Release|Any CPU.ActiveCfg = Release|Any CPU
		{72ED9586-F06F-4F9B-8D2A-2E7E7BD2974B}.Release|Any CPU.Build.0 = Release|Any CPU
		{F263C737-DE02-48D2-B995-1FDBCF590F2B}.Debug|Any CPU.ActiveCfg = Debug|Any CPU
		{F263C737-DE02-48D2-B995-1FDBCF590F2B}.Debug|Any CPU.Build.0 = Debug|Any CPU
		{F263C737-DE02-48D2-B995-1FDBCF590F2B}.Release|Any CPU.ActiveCfg = Release|Any CPU
		{F263C737-DE02-48D2-B995-1FDBCF590F2B}.Release|Any CPU.Build.0 = Release|Any CPU
	EndGlobalSection
	GlobalSection(SolutionProperties) = preSolution
		HideSolutionNode = FALSE
	EndGlobalSection
	GlobalSection(ExtensibilityGlobals) = postSolution
		SolutionGuid = {D015BDB0-5DC0-4245-BC4C-0FAC5B3898BD}
	EndGlobalSection
EndGlobal
